// !$*UTF8*$!
{
	archiveVersion = 1;
	classes = {
	};
	objectVersion = 56;
	objects = {

/* Begin PBXBuildFile section */
		AA000001 /* TalkiesWidgetApp.swift in Sources */ = {isa = PBXBuildFile; fileRef = AA100001 /* TalkiesWidgetApp.swift */; };
		AA000002 /* ContentView.swift in Sources */ = {isa = PBXBuildFile; fileRef = AA100002 /* ContentView.swift */; };
		AA000004 /* Color+Hex.swift in Sources */ = {isa = PBXBuildFile; fileRef = AA100004 /* Color+Hex.swift */; };
		AA000005 /* Assets.xcassets in Resources */ = {isa = PBXBuildFile; fileRef = AA100005 /* Assets.xcassets */; };
		AA000011 /* TalkiesWidgetExtension.swift in Sources */ = {isa = PBXBuildFile; fileRef = AA100011 /* TalkiesWidgetExtension.swift */; };
		AA000013 /* Color+Hex.swift in Sources */ = {isa = PBXBuildFile; fileRef = AA100013 /* Color+Hex.swift */; };
		AA000014 /* Assets.xcassets in Resources */ = {isa = PBXBuildFile; fileRef = AA100014 /* Assets.xcassets */; };
		AA000020 /* TalkiesWidgetExtension.appex in Embed Foundation Extensions */ = {isa = PBXBuildFile; fileRef = AA200002 /* TalkiesWidgetExtension.appex */; settings = {ATTRIBUTES = (RemoveHeadersOnCopy, ); }; };
		AA000030 /* BotsJsonFile.swift in Sources */ = {isa = PBXBuildFile; fileRef = AA100030 /* BotsJsonFile.swift */; };
		AA000031 /* SelectBotIntent.swift in Sources */ = {isa = PBXBuildFile; fileRef = AA100031 /* SelectBotIntent.swift */; };
		AA000032 /* BotsJsonFile.swift in Sources */ = {isa = PBXBuildFile; fileRef = AA100030 /* BotsJsonFile.swift */; };
		AA000033 /* SelectBotIntent.swift in Sources */ = {isa = PBXBuildFile; fileRef = AA100031 /* SelectBotIntent.swift */; };
/* End PBXBuildFile section */

/* Begin PBXContainerItemProxy section */
		AA300001 /* PBXContainerItemProxy */ = {
			isa = PBXContainerItemProxy;
			containerPortal = AA400001 /* Project object */;
			proxyType = 1;
			remoteGlobalIDString = AA800002;
			remoteInfo = TalkiesWidgetExtension;
		};
/* End PBXContainerItemProxy section */

/* Begin PBXCopyFilesBuildPhase section */
		AA500001 /* Embed Foundation Extensions */ = {
			isa = PBXCopyFilesBuildPhase;
			buildActionMask = 2147483647;
			dstPath = "";
			dstSubfolderSpec = 13;
			files = (
				AA000020 /* TalkiesWidgetExtension.appex in Embed Foundation Extensions */,
			);
			name = "Embed Foundation Extensions";
			runOnlyForDeploymentPostprocessing = 0;
		};
/* End PBXCopyFilesBuildPhase section */

/* Begin PBXFileReference section */
		AA100001 /* TalkiesWidgetApp.swift */ = {isa = PBXFileReference; lastKnownFileType = sourcecode.swift; path = TalkiesWidgetApp.swift; sourceTree = "<group>"; };
		AA100002 /* ContentView.swift */ = {isa = PBXFileReference; lastKnownFileType = sourcecode.swift; path = ContentView.swift; sourceTree = "<group>"; };
		AA100004 /* Color+Hex.swift */ = {isa = PBXFileReference; lastKnownFileType = sourcecode.swift; path = "Color+Hex.swift"; sourceTree = "<group>"; };
		AA100005 /* Assets.xcassets */ = {isa = PBXFileReference; lastKnownFileType = folder.assetcatalog; path = Assets.xcassets; sourceTree = "<group>"; };
		AA100006 /* Info.plist */ = {isa = PBXFileReference; lastKnownFileType = text.plist.xml; path = Info.plist; sourceTree = "<group>"; };
		AA100007 /* TalkiesWidget.entitlements */ = {isa = PBXFileReference; lastKnownFileType = text.plist.entitlements; path = TalkiesWidget.entitlements; sourceTree = "<group>"; };
		AA100011 /* TalkiesWidgetExtension.swift */ = {isa = PBXFileReference; lastKnownFileType = sourcecode.swift; path = TalkiesWidgetExtension.swift; sourceTree = "<group>"; };
		AA100013 /* Color+Hex.swift */ = {isa = PBXFileReference; lastKnownFileType = sourcecode.swift; path = "Color+Hex.swift"; sourceTree = "<group>"; };
		AA100014 /* Assets.xcassets */ = {isa = PBXFileReference; lastKnownFileType = folder.assetcatalog; path = Assets.xcassets; sourceTree = "<group>"; };
		AA100015 /* Info.plist */ = {isa = PBXFileReference; lastKnownFileType = text.plist.xml; path = Info.plist; sourceTree = "<group>"; };
		AA100016 /* TalkiesWidgetExtension.entitlements */ = {isa = PBXFileReference; lastKnownFileType = text.plist.entitlements; path = TalkiesWidgetExtension.entitlements; sourceTree = "<group>"; };
		AA100030 /* BotsJsonFile.swift */ = {isa = PBXFileReference; lastKnownFileType = sourcecode.swift; path = BotsJsonFile.swift; sourceTree = "<group>"; };
		AA100031 /* SelectBotIntent.swift */ = {isa = PBXFileReference; lastKnownFileType = sourcecode.swift; path = SelectBotIntent.swift; sourceTree = "<group>"; };
		AA200002 /* TalkiesWidgetExtension.appex */ = {isa = PBXFileReference; explicitFileType = "wrapper.app-extension"; includeInIndex = 0; path = TalkiesWidgetExtension.appex; sourceTree = BUILT_PRODUCTS_DIR; };
		AA200003 /* TalkiesWidget.app */ = {isa = PBXFileReference; explicitFileType = wrapper.application; includeInIndex = 0; path = TalkiesWidget.app; sourceTree = BUILT_PRODUCTS_DIR; };
/* End PBXFileReference section */

/* Begin PBXFrameworksBuildPhase section */
		AA600001 /* Frameworks */ = {
			isa = PBXFrameworksBuildPhase;
			buildActionMask = 2147483647;
			files = (
			);
			runOnlyForDeploymentPostprocessing = 0;
		};
		AA600002 /* Frameworks */ = {
			isa = PBXFrameworksBuildPhase;
			buildActionMask = 2147483647;
			files = (
			);
			runOnlyForDeploymentPostprocessing = 0;
		};
/* End PBXFrameworksBuildPhase section */

/* Begin PBXGroup section */
		AA700000 = {
			isa = PBXGroup;
			children = (
				AA700002 /* TalkiesWidget */,
				AA700003 /* TalkiesWidgetExtension */,
				AA700004 /* Shared */,
				AA700001 /* Products */,
			);
			sourceTree = "<group>";
		};
		AA700001 /* Products */ = {
			isa = PBXGroup;
			children = (
				AA200003 /* TalkiesWidget.app */,
				AA200002 /* TalkiesWidgetExtension.appex */,
			);
			name = Products;
			sourceTree = "<group>";
		};
		AA700002 /* TalkiesWidget */ = {
			isa = PBXGroup;
			children = (
				AA100001 /* TalkiesWidgetApp.swift */,
				AA100002 /* ContentView.swift */,
				AA100004 /* Color+Hex.swift */,
				AA100005 /* Assets.xcassets */,
				AA100006 /* Info.plist */,
				AA100007 /* TalkiesWidget.entitlements */,
			);
			path = TalkiesWidget;
			sourceTree = "<group>";
		};
		AA700003 /* TalkiesWidgetExtension */ = {
			isa = PBXGroup;
			children = (
				AA100011 /* TalkiesWidgetExtension.swift */,
				AA100013 /* Color+Hex.swift */,
				AA100014 /* Assets.xcassets */,
				AA100015 /* Info.plist */,
				AA100016 /* TalkiesWidgetExtension.entitlements */,
			);
			path = TalkiesWidgetExtension;
			sourceTree = "<group>";
		};
		AA700004 /* Shared */ = {
			isa = PBXGroup;
			children = (
				AA100030 /* BotsJsonFile.swift */,
				AA100031 /* SelectBotIntent.swift */,
			);
			path = Shared;
			sourceTree = "<group>";
		};
/* End PBXGroup section */

/* Begin PBXNativeTarget section */
		AA800001 /* TalkiesWidget */ = {
			isa = PBXNativeTarget;
			buildConfigurationList = AA900001 /* Build configuration list for PBXNativeTarget "TalkiesWidget" */;
			buildPhases = (
				AA600001 /* Frameworks */,
				AABB0001 /* Sources */,
				AABB0002 /* Resources */,
				AA500001 /* Embed Foundation Extensions */,
			);
			buildRules = (
			);
			dependencies = (
				AACC0001 /* PBXTargetDependency */,
			);
			name = TalkiesWidget;
			productName = TalkiesWidget;
			productReference = AA200003 /* TalkiesWidget.app */;
			productType = "com.apple.product-type.application";
		};
		AA800002 /* TalkiesWidgetExtension */ = {
			isa = PBXNativeTarget;
			buildConfigurationList = AA900002 /* Build configuration list for PBXNativeTarget "TalkiesWidgetExtension" */;
			buildPhases = (
				AA600002 /* Frameworks */,
				AABB0003 /* Sources */,
				AABB0004 /* Resources */,
			);
			buildRules = (
			);
			dependencies = (
			);
			name = TalkiesWidgetExtension;
			productName = TalkiesWidgetExtension;
			productReference = AA200002 /* TalkiesWidgetExtension.appex */;
			productType = "com.apple.product-type.app-extension";
		};
/* End PBXNativeTarget section */

/* Begin PBXProject section */
		AA400001 /* Project object */ = {
			isa = PBXProject;
			attributes = {
				BuildIndependentTargetsInParallel = 1;
				LastSwiftUpdateCheck = 1500;
				LastUpgradeCheck = 1500;
				TargetAttributes = {
					AA800001 = {
						CreatedOnToolsVersion = 15.0;
					};
					AA800002 = {
						CreatedOnToolsVersion = 15.0;
					};
				};
			};
			buildConfigurationList = AA900000 /* Build configuration list for PBXProject "TalkiesWidget" */;
			compatibilityVersion = "Xcode 14.0";
			developmentRegion = en;
			hasScannedForEncodings = 0;
			knownRegions = (
				en,
				Base,
			);
			mainGroup = AA700000;
			productRefGroup = AA700001 /* Products */;
			projectDirPath = "";
			projectRoot = "";
			targets = (
				AA800001 /* TalkiesWidget */,
				AA800002 /* TalkiesWidgetExtension */,
			);
		};
/* End PBXProject section */

/* Begin PBXResourcesBuildPhase section */
		AABB0002 /* Resources */ = {
			isa = PBXResourcesBuildPhase;
			buildActionMask = 2147483647;
			files = (
				AA000005 /* Assets.xcassets in Resources */,
			);
			runOnlyForDeploymentPostprocessing = 0;
		};
		AABB0004 /* Resources */ = {
			isa = PBXResourcesBuildPhase;
			buildActionMask = 2147483647;
			files = (
				AA000014 /* Assets.xcassets in Resources */,
			);
			runOnlyForDeploymentPostprocessing = 0;
		};
/* End PBXResourcesBuildPhase section */

/* Begin PBXSourcesBuildPhase section */
		AABB0001 /* Sources */ = {
			isa = PBXSourcesBuildPhase;
			buildActionMask = 2147483647;
			files = (
				AA000001 /* TalkiesWidgetApp.swift in Sources */,
				AA000002 /* ContentView.swift in Sources */,
				AA000004 /* Color+Hex.swift in Sources */,
				AA000030 /* BotsJsonFile.swift in Sources */,
				AA000031 /* SelectBotIntent.swift in Sources */,
			);
			runOnlyForDeploymentPostprocessing = 0;
		};
		AABB0003 /* Sources */ = {
			isa = PBXSourcesBuildPhase;
			buildActionMask = 2147483647;
			files = (
				AA000011 /* TalkiesWidgetExtension.swift in Sources */,
				AA000013 /* Color+Hex.swift in Sources */,
				AA000032 /* BotsJsonFile.swift in Sources */,
				AA000033 /* SelectBotIntent.swift in Sources */,
			);
			runOnlyForDeploymentPostprocessing = 0;
		};
/* End PBXSourcesBuildPhase section */

/* Begin PBXTargetDependency section */
		AACC0001 /* PBXTargetDependency */ = {
			isa = PBXTargetDependency;
			target = AA800002 /* TalkiesWidgetExtension */;
			targetProxy = AA300001 /* PBXContainerItemProxy */;
		};
/* End PBXTargetDependency section */

/* Begin XCBuildConfiguration section */
		AADD0001 /* Debug */ = {
			isa = XCBuildConfiguration;
			buildSettings = {
				ALWAYS_SEARCH_USER_PATHS = NO;
				CLANG_ANALYZER_NONNULL = YES;
				CLANG_CXX_LANGUAGE_STANDARD = "gnu++20";
				CLANG_ENABLE_MODULES = YES;
				CLANG_ENABLE_OBJC_ARC = YES;
				CLANG_ENABLE_OBJC_WEAK = YES;
				COPY_PHASE_STRIP = NO;
				DEBUG_INFORMATION_FORMAT = dwarf;
				ENABLE_STRICT_OBJC_MSGSEND = YES;
				ENABLE_TESTABILITY = YES;
				GCC_C_LANGUAGE_STANDARD = gnu17;
				GCC_DYNAMIC_NO_PIC = NO;
				GCC_NO_COMMON_BLOCKS = YES;
				GCC_OPTIMIZATION_LEVEL = 0;
				GCC_PREPROCESSOR_DEFINITIONS = (
					"DEBUG=1",
					"$(inherited)",
				);
				IPHONEOS_DEPLOYMENT_TARGET = 17.0;
				MTL_ENABLE_DEBUG_INFO = INCLUDE_SOURCE;
				MTL_FAST_MATH = YES;
				ONLY_ACTIVE_ARCH = YES;
				SDKROOT = iphoneos;
				SWIFT_ACTIVE_COMPILATION_CONDITIONS = DEBUG;
				SWIFT_OPTIMIZATION_LEVEL = "-Onone";
			};
			name = Debug;
		};
		AADD0002 /* Release */ = {
			isa = XCBuildConfiguration;
			buildSettings = {
				ALWAYS_SEARCH_USER_PATHS = NO;
				CLANG_ANALYZER_NONNULL = YES;
				CLANG_CXX_LANGUAGE_STANDARD = "gnu++20";
				CLANG_ENABLE_MODULES = YES;
				CLANG_ENABLE_OBJC_ARC = YES;
				CLANG_ENABLE_OBJC_WEAK = YES;
				COPY_PHASE_STRIP = NO;
				DEBUG_INFORMATION_FORMAT = "dwarf-with-dsym";
				ENABLE_NS_ASSERTIONS = NO;
				ENABLE_STRICT_OBJC_MSGSEND = YES;
				GCC_C_LANGUAGE_STANDARD = gnu17;
				GCC_NO_COMMON_BLOCKS = YES;
				IPHONEOS_DEPLOYMENT_TARGET = 17.0;
				MTL_ENABLE_DEBUG_INFO = NO;
				MTL_FAST_MATH = YES;
				SDKROOT = iphoneos;
				SWIFT_COMPILATION_MODE = wholemodule;
				SWIFT_OPTIMIZATION_LEVEL = "-O";
				VALIDATE_PRODUCT = YES;
			};
			name = Release;
		};
		AADD0003 /* Debug */ = {
			isa = XCBuildConfiguration;
			buildSettings = {
				ASSETCATALOG_COMPILER_APPICON_NAME = AppIcon;
				ASSETCATALOG_COMPILER_GLOBAL_ACCENT_COLOR_NAME = AccentColor;
				CODE_SIGN_ENTITLEMENTS = TalkiesWidget/TalkiesWidget.entitlements;
				CODE_SIGN_STYLE = Automatic;
				CURRENT_PROJECT_VERSION = 1;
				DEVELOPMENT_TEAM = 3U5Y7ZXUZ5;
				GENERATE_INFOPLIST_FILE = NO;
				INFOPLIST_FILE = TalkiesWidget/Info.plist;
				IPHONEOS_DEPLOYMENT_TARGET = 17.0;
				LD_RUNPATH_SEARCH_PATHS = (
					"$(inherited)",
					"@executable_path/Frameworks",
				);
				MARKETING_VERSION = 1.0;
				PRODUCT_BUNDLE_IDENTIFIER = com.bhh.Talkies;
				PRODUCT_NAME = "$(TARGET_NAME)";
				SWIFT_EMIT_LOC_STRINGS = YES;
				SWIFT_VERSION = 5.0;
				TARGETED_DEVICE_FAMILY = 1;
			};
			name = Debug;
		};
		AADD0004 /* Release */ = {
			isa = XCBuildConfiguration;
			buildSettings = {
				ASSETCATALOG_COMPILER_APPICON_NAME = AppIcon;
				ASSETCATALOG_COMPILER_GLOBAL_ACCENT_COLOR_NAME = AccentColor;
				CODE_SIGN_ENTITLEMENTS = TalkiesWidget/TalkiesWidget.entitlements;
				CODE_SIGN_STYLE = Automatic;
				CURRENT_PROJECT_VERSION = 1;
				DEVELOPMENT_TEAM = 3U5Y7ZXUZ5;
				GENERATE_INFOPLIST_FILE = NO;
				INFOPLIST_FILE = TalkiesWidget/Info.plist;
				IPHONEOS_DEPLOYMENT_TARGET = 17.0;
				LD_RUNPATH_SEARCH_PATHS = (
					"$(inherited)",
					"@executable_path/Frameworks",
				);
				MARKETING_VERSION = 1.0;
				PRODUCT_BUNDLE_IDENTIFIER = com.bhh.Talkies;
				PRODUCT_NAME = "$(TARGET_NAME)";
				SWIFT_EMIT_LOC_STRINGS = YES;
				SWIFT_VERSION = 5.0;
				TARGETED_DEVICE_FAMILY = 1;
			};
			name = Release;
		};
		AADD0005 /* Debug */ = {
			isa = XCBuildConfiguration;
			buildSettings = {
				ASSETCATALOG_COMPILER_GLOBAL_ACCENT_COLOR_NAME = AccentColor;
				CODE_SIGN_ENTITLEMENTS = TalkiesWidgetExtension/TalkiesWidgetExtension.entitlements;
				CODE_SIGN_STYLE = Automatic;
				CURRENT_PROJECT_VERSION = 1;
				DEVELOPMENT_TEAM = 3U5Y7ZXUZ5;
				GENERATE_INFOPLIST_FILE = NO;
				INFOPLIST_FILE = TalkiesWidgetExtension/Info.plist;
				IPHONEOS_DEPLOYMENT_TARGET = 17.0;
				LD_RUNPATH_SEARCH_PATHS = (
					"$(inherited)",
					"@executable_path/Frameworks",
					"@executable_path/../../Frameworks",
				);
				MARKETING_VERSION = 1.0;
				PRODUCT_BUNDLE_IDENTIFIER = com.bhh.Talkies.widget;
				PRODUCT_NAME = "$(TARGET_NAME)";
				SKIP_INSTALL = YES;
				SWIFT_EMIT_LOC_STRINGS = YES;
				SWIFT_VERSION = 5.0;
				TARGETED_DEVICE_FAMILY = 1;
			};
			name = Debug;
		};
		AADD0006 /* Release */ = {
			isa = XCBuildConfiguration;
			buildSettings = {
				ASSETCATALOG_COMPILER_GLOBAL_ACCENT_COLOR_NAME = AccentColor;
				CODE_SIGN_ENTITLEMENTS = TalkiesWidgetExtension/TalkiesWidgetExtension.entitlements;
				CODE_SIGN_STYLE = Automatic;
				CURRENT_PROJECT_VERSION = 1;
				DEVELOPMENT_TEAM = 3U5Y7ZXUZ5;
				GENERATE_INFOPLIST_FILE = NO;
				INFOPLIST_FILE = TalkiesWidgetExtension/Info.plist;
				IPHONEOS_DEPLOYMENT_TARGET = 17.0;
				LD_RUNPATH_SEARCH_PATHS = (
					"$(inherited)",
					"@executable_path/Frameworks",
					"@executable_path/../../Frameworks",
				);
				MARKETING_VERSION = 1.0;
				PRODUCT_BUNDLE_IDENTIFIER = com.bhh.Talkies.widget;
				PRODUCT_NAME = "$(TARGET_NAME)";
				SKIP_INSTALL = YES;
				SWIFT_EMIT_LOC_STRINGS = YES;
				SWIFT_VERSION = 5.0;
				TARGETED_DEVICE_FAMILY = 1;
			};
			name = Release;
		};
/* End XCBuildConfiguration section */

/* Begin XCConfigurationList section */
		AA900000 /* Build configuration list for PBXProject "TalkiesWidget" */ = {
			isa = XCConfigurationList;
			buildConfigurations = (
				AADD0001 /* Debug */,
				AADD0002 /* Release */,
			);
			defaultConfigurationIsVisible = 0;
			defaultConfigurationName = Release;
		};
		AA900001 /* Build configuration list for PBXNativeTarget "TalkiesWidget" */ = {
			isa = XCConfigurationList;
			buildConfigurations = (
				AADD0003 /* Debug */,
				AADD0004 /* Release */,
			);
			defaultConfigurationIsVisible = 0;
			defaultConfigurationName = Release;
		};
		AA900002 /* Build configuration list for PBXNativeTarget "TalkiesWidgetExtension" */ = {
			isa = XCConfigurationList;
			buildConfigurations = (
				AADD0005 /* Debug */,
				AADD0006 /* Release */,
			);
			defaultConfigurationIsVisible = 0;
			defaultConfigurationName = Release;
		};
/* End XCConfigurationList section */
	};
	rootObject = AA400001 /* Project object */;
}
